
Microsoft Visual Studio Solution File, Format Version 12.00
Project("{FAE04EC0-301F-11D3-BF4B-00C04F79EFBC}") = "Data", "Data\Data.csproj", "{3C2B0C2A-8FA2-4AC9-A02A-36C2A84B287D}"
EndProject
Project("{FAE04EC0-301F-11D3-BF4B-00C04F79EFBC}") = "Domain", "Domain\Domain.csproj", "{A900A692-43BB-4D4D-BEFA-D580DD8C2075}"
EndProject
Project("{FAE04EC0-301F-11D3-BF4B-00C04F79EFBC}") = "Web", "Web\Web.csproj", "{E2CDD1A2-79A2-4957-8BC1-0C6D585657DD}"
EndProject
Global
	GlobalSection(SolutionConfigurationPlatforms) = preSolution
		Debug|Any CPU = Debug|Any CPU
		Release|Any CPU = Release|Any CPU
	EndGlobalSection
	GlobalSection(ProjectConfigurationPlatforms) = postSolution
		{3C2B0C2A-8FA2-4AC9-A02A-36C2A84B287D}.Debug|Any CPU.ActiveCfg = Debug|Any CPU
		{3C2B0C2A-8FA2-4AC9-A02A-36C2A84B287D}.Debug|Any CPU.Build.0 = Debug|Any CPU
		{3C2B0C2A-8FA2-4AC9-A02A-36C2A84B287D}.Release|Any CPU.ActiveCfg = Release|Any CPU
		{3C2B0C2A-8FA2-4AC9-A02A-36C2A84B287D}.Release|Any CPU.Build.0 = Release|Any CPU
		{A900A692-43BB-4D4D-BEFA-D580DD8C2075}.Debug|Any CPU.ActiveCfg = Debug|Any CPU
		{A900A692-43BB-4D4D-BEFA-D580DD8C2075}.Debug|Any CPU.Build.0 = Debug|Any CPU
		{A900A692-43BB-4D4D-BEFA-D580DD8C2075}.Release|Any CPU.ActiveCfg = Release|Any CPU
		{A900A692-43BB-4D4D-BEFA-D580DD8C2075}.Release|Any CPU.Build.0 = Release|Any CPU
		{E2CDD1A2-79A2-4957-8BC1-0C6D585657DD}.Debug|Any CPU.ActiveCfg = Debug|Any CPU
		{E2CDD1A2-79A2-4957-8BC1-0C6D585657DD}.Debug|Any CPU.Build.0 = Debug|Any CPU
		{E2CDD1A2-79A2-4957-8BC1-0C6D585657DD}.Release|Any CPU.ActiveCfg = Release|Any CPU
		{E2CDD1A2-79A2-4957-8BC1-0C6D585657DD}.Release|Any CPU.Build.0 = Release|Any CPU
	EndGlobalSection
EndGlobal
